
Microsoft Visual Studio Solution File, Format Version 12.00
# Visual Studio Version 17
VisualStudioVersion = 17.11.35303.130
MinimumVisualStudioVersion = 10.0.40219.1
Project("{FAE04EC0-301F-11D3-BF4B-00C04F79EFBC}") = "InventoryManagementSystem", "InventoryManagementSystem.csproj", "{BA2AB7DB-2137-4068-AFED-4E4FC64FF637}"
EndProject
Global
	GlobalSection(SolutionConfigurationPlatforms) = preSolution
		Debug|Any CPU = Debug|Any CPU
		Release|Any CPU = Release|Any CPU
	EndGlobalSection
	GlobalSection(ProjectConfigurationPlatforms) = postSolution
		{BA2AB7DB-2137-4068-AFED-4E4FC64FF637}.Debug|Any CPU.ActiveCfg = Debug|Any CPU
		{BA2AB7DB-2137-4068-AFED-4E4FC64FF637}.Debug|Any CPU.Build.0 = Debug|Any CPU
		{BA2AB7DB-2137-4068-AFED-4E4FC64FF637}.Release|Any CPU.ActiveCfg = Release|Any CPU
		{BA2AB7DB-2137-4068-AFED-4E4FC64FF637}.Release|Any CPU.Build.0 = Release|Any CPU
	EndGlobalSection
	GlobalSection(SolutionProperties) = preSolution
		HideSolutionNode = FALSE
	EndGlobalSection
	GlobalSection(ExtensibilityGlobals) = postSolution
		SolutionGuid = {5832D7C1-693B-4392-8C51-F06FF731A4A1}
	EndGlobalSection
EndGlobal
